[root]
name = "el"
version = "0.1.0"
dependencies = [
 "ncurses 5.82.0 (git+https://github.com/mjhoy/ncurses-static-rs)",
]

[[package]]
name = "libc"
version = "0.2.16"
source = "registry+https://github.com/rust-lang/crates.io-index"

[[package]]
name = "ncurses"
version = "5.82.0"
source = "git+https://github.com/mjhoy/ncurses-static-rs#5b9621327edccb59e027c11974cfa493a6cbc32f"
dependencies = [
 "libc 0.2.16 (registry+https://github.com/rust-lang/crates.io-index)",
]

